{
    "_readme": [
        "This file locks the dependencies of your project to a known state",
        "Read more about it at http://getcomposer.org/doc/01-basic-usage.md#composer-lock-the-lock-file",
        "This file is @generated automatically"
    ],
    "hash": "e295b7bd0aa8ccd39e8c4edcb81e75c6",
    "packages": [
        {
            "name": "container-interop/container-interop",
            "version": "1.0.0",
            "source": {
                "type": "git",
                "url": "https://github.com/container-interop/container-interop.git",
                "reference": "b4274c871bfd1ae8d8e527ba11734f4df1573e48"
            },
            "dist": {
                "type": "zip",
                "url": "https://api.github.com/repos/container-interop/container-interop/zipball/b4274c871bfd1ae8d8e527ba11734f4df1573e48",
                "reference": "b4274c871bfd1ae8d8e527ba11734f4df1573e48",
                "shasum": ""
            },
            "type": "library",
            "autoload": {
                "psr-4": {
                    "Interop\\Container\\": "src/Interop/Container/"
                }
            },
            "notification-url": "http://packagist.org/downloads/",
            "license": [
                "MIT"
            ],
            "description": "Promoting the interoperability of container objects (DIC, SL, etc.)",
            "time": "2014-03-16 14:50:05"
        },
        {
            "name": "filp/whoops",
            "version": "dev-master",
            "source": {
                "type": "git",
                "url": "https://github.com/filp/whoops.git",
                "reference": "542400d23369c3c9f1ff221858ba4b220bcc4245"
            },
            "dist": {
                "type": "zip",
                "url": "https://api.github.com/repos/filp/whoops/zipball/542400d23369c3c9f1ff221858ba4b220bcc4245",
                "reference": "542400d23369c3c9f1ff221858ba4b220bcc4245",
                "shasum": ""
            },
            "require": {
                "php": ">=5.3.0"
            },
            "require-dev": {
                "mockery/mockery": "0.9.*"
            },
            "type": "library",
            "extra": {
                "branch-alias": {
                    "dev-master": "1.2-dev"
                }
            },
            "autoload": {
                "psr-0": {
                    "Whoops": "src/"
                },
                "classmap": [
                    "src/deprecated"
                ]
            },
            "notification-url": "http://packagist.org/downloads/",
            "license": [
                "MIT"
            ],
            "authors": [
                {
                    "name": "Filipe Dobreira",
                    "homepage": "https://github.com/filp",
                    "role": "Developer"
                }
            ],
            "description": "php error handling for cool kids",
            "homepage": "https://github.com/filp/whoops",
            "keywords": [
                "error",
                "exception",
                "handling",
                "library",
                "silex-provider",
                "whoops",
                "zf2"
            ],
            "time": "2014-11-29 09:19:11"
        },
        {
            "name": "gregwar/cache",
            "version": "v1.0.10",
            "target-dir": "Gregwar/Cache",
            "source": {
                "type": "git",
                "url": "https://github.com/Gregwar/Cache.git",
                "reference": "0a1a02e4943e95f491b3d2395609247385975622"
            },
            "dist": {
                "type": "zip",
                "url": "https://api.github.com/repos/Gregwar/Cache/zipball/0a1a02e4943e95f491b3d2395609247385975622",
                "reference": "0a1a02e4943e95f491b3d2395609247385975622",
                "shasum": ""
            },
            "require": {
                "php": ">=5.3"
            },
            "type": "library",
            "autoload": {
                "psr-0": {
                    "Gregwar\\Cache": ""
                }
            },
            "notification-url": "http://packagist.org/downloads/",
            "license": [
                "MIT"
            ],
            "authors": [
                {
                    "name": "Gregwar",
                    "email": "g.passault@gmail.com"
                }
            ],
            "description": "A lightweight file-system cache system",
            "keywords": [
                "cache",
                "caching",
                "file-system",
                "system"
            ],
            "time": "2014-09-24 11:23:30"
        },
        {
            "name": "gregwar/image",
            "version": "v2.0.18",
            "target-dir": "Gregwar/Image",
            "source": {
                "type": "git",
                "url": "https://github.com/Gregwar/Image.git",
                "reference": "280ed7ade8036aab059b1597e299f582157a2b37"
            },
            "dist": {
                "type": "zip",
                "url": "https://api.github.com/repos/Gregwar/Image/zipball/280ed7ade8036aab059b1597e299f582157a2b37",
                "reference": "280ed7ade8036aab059b1597e299f582157a2b37",
                "shasum": ""
            },
            "require": {
                "ext-gd": "*",
                "gregwar/cache": "1.*",
                "php": ">=5.3.0"
            },
            "suggest": {
                "behat/transliterator": "Transliterator provides ability to set non-latin1 pretty names"
            },
            "type": "library",
            "autoload": {
                "psr-0": {
                    "Gregwar\\Image": ""
                }
            },
            "notification-url": "http://packagist.org/downloads/",
            "license": [
                "MIT"
            ],
            "authors": [
                {
                    "name": "Grégoire Passault",
                    "email": "g.passault@gmail.com",
                    "homepage": "http://www.gregwar.com/"
                }
            ],
            "description": "Image handling",
            "homepage": "https://github.com/Gregwar/Image",
            "keywords": [
                "gd",
                "image"
            ],
            "time": "2014-11-10 13:57:24"
        },
        {
            "name": "kriswallsmith/assetic",
            "version": "1.2.x-dev",
            "source": {
                "type": "git",
                "url": "https://github.com/kriswallsmith/assetic.git",
                "reference": "b20efe38845d20458702f97f3ff625d80805897b"
            },
            "dist": {
                "type": "zip",
                "url": "https://api.github.com/repos/kriswallsmith/assetic/zipball/b20efe38845d20458702f97f3ff625d80805897b",
                "reference": "b20efe38845d20458702f97f3ff625d80805897b",
                "shasum": ""
            },
            "require": {
                "php": ">=5.3.1",
                "symfony/process": "~2.1"
            },
            "require-dev": {
                "cssmin/cssmin": "*",
                "joliclic/javascript-packer": "*",
                "kamicane/packager": "*",
                "leafo/lessphp": "*",
                "leafo/scssphp": "*",
                "leafo/scssphp-compass": "*",
                "mrclay/minify": "*",
                "patchwork/jsqueeze": "~1.0",
                "phpunit/phpunit": "~4",
                "psr/log": "~1.0",
                "ptachoire/cssembed": "*",
                "twig/twig": "~1.6"
            },
            "suggest": {
                "leafo/lessphp": "Assetic provides the integration with the lessphp LESS compiler",
                "leafo/scssphp": "Assetic provides the integration with the scssphp SCSS compiler",
                "leafo/scssphp-compass": "Assetic provides the integration with the SCSS compass plugin",
                "patchwork/jsqueeze": "Assetic provides the integration with the JSqueeze JavaScript compressor",
                "ptachoire/cssembed": "Assetic provides the integration with phpcssembed to embed data uris",
                "twig/twig": "Assetic provides the integration with the Twig templating engine"
            },
            "type": "library",
            "extra": {
                "branch-alias": {
                    "dev-master": "1.2-dev"
                }
            },
            "autoload": {
                "psr-0": {
                    "Assetic": "src/"
                },
                "files": [
                    "src/functions.php"
                ]
            },
            "notification-url": "http://packagist.org/downloads/",
            "license": [
                "MIT"
            ],
            "authors": [
                {
                    "name": "Kris Wallsmith",
                    "email": "kris.wallsmith@gmail.com",
                    "homepage": "http://kriswallsmith.net/"
                }
            ],
            "description": "Asset Management for PHP",
            "homepage": "https://github.com/kriswallsmith/assetic",
            "keywords": [
                "assets",
                "compression",
                "minification"
            ],
            "time": "2014-12-12 05:04:05"
        },
        {
            "name": "michaldudek/clog",
            "version": "dev-master",
            "source": {
                "type": "git",
                "url": "https://github.com/michaldudek/clog.git",
                "reference": "d9ff0223e0beec91a612700c755f476acb88f1a1"
            },
            "dist": {
                "type": "zip",
                "url": "https://api.github.com/repos/michaldudek/clog/zipball/d9ff0223e0beec91a612700c755f476acb88f1a1",
                "reference": "d9ff0223e0beec91a612700c755f476acb88f1a1",
                "shasum": ""
            },
            "require": {
                "michaldudek/foundation": "dev-master",
                "php": ">=5.3.3",
                "psr/log": "1.0.*"
            },
            "type": "library",
            "autoload": {
                "psr-0": {
                    "MD\\Clog\\Tests": "tests/",
                    "MD\\Clog": "src/"
                }
            },
            "notification-url": "http://packagist.org/downloads/",
            "license": [
                "MIT"
            ],
            "authors": [
                {
                    "name": "Michał Dudek",
                    "email": "michal@michaldudek.pl"
                }
            ],
            "description": "Simple lightweight log system.",
            "keywords": [
                "log",
                "logger"
            ],
            "time": "2014-03-29 18:09:18"
        },
        {
            "name": "michaldudek/foundation",
            "version": "dev-master",
            "source": {
                "type": "git",
                "url": "https://github.com/michaldudek/Foundation.git",
                "reference": "b1a377cecc12688654d25b4a17cd08de4f85c4d3"
            },
            "dist": {
                "type": "zip",
                "url": "https://api.github.com/repos/michaldudek/Foundation/zipball/b1a377cecc12688654d25b4a17cd08de4f85c4d3",
                "reference": "b1a377cecc12688654d25b4a17cd08de4f85c4d3",
                "shasum": ""
            },
            "require": {
                "php": ">=5.3.3",
                "psr/log": ">=1.0"
            },
            "type": "library",
            "autoload": {
                "psr-0": {
                    "MD\\Foundation\\Tests": "tests/",
                    "MD\\Foundation": "src/"
                },
                "files": [
                    "src/constants.php",
                    "src/MD/functions.php"
                ]
            },
            "notification-url": "http://packagist.org/downloads/",
            "license": [
                "MIT"
            ],
            "authors": [
                {
                    "name": "Michał Dudek",
                    "email": "michal@michaldudek.pl"
                }
            ],
            "description": "A set of useful PHP classes.",
            "homepage": "http://www.michaldudek.pl/Foundation/",
            "keywords": [
                "array",
                "object",
                "string",
                "tools",
                "utils"
            ],
            "time": "2014-11-13 13:40:59"
        },
        {
            "name": "michaldudek/knit",
            "version": "dev-master",
            "source": {
                "type": "git",
                "url": "https://github.com/michaldudek/Knit.git",
                "reference": "35e6e8f6adb566aa5c6f12a02bb39df4e7f0506e"
            },
            "dist": {
                "type": "zip",
                "url": "https://api.github.com/repos/michaldudek/Knit/zipball/35e6e8f6adb566aa5c6f12a02bb39df4e7f0506e",
                "reference": "35e6e8f6adb566aa5c6f12a02bb39df4e7f0506e",
                "shasum": ""
            },
            "require": {
                "michaldudek/foundation": "dev-master",
                "php": ">=5.3.3",
                "psr/log": "1.0.*",
                "splot/event-manager": "dev-master"
            },
            "type": "library",
            "autoload": {
                "psr-0": {
                    "Knit\\Tests": "tests/",
                    "Knit": "src/"
                }
            },
            "notification-url": "http://packagist.org/downloads/",
            "license": [
                "MIT"
            ],
            "authors": [
                {
                    "name": "Michał Dudek",
                    "email": "michal@michaldudek.pl"
                }
            ],
            "description": "Basic and quick PHP ORM/ODM.",
            "keywords": [
                "odm",
                "orm"
            ],
            "time": "2014-10-05 14:34:03"
        },
        {
            "name": "natxet/CssMin",
            "version": "dev-master",
            "source": {
                "type": "git",
                "url": "https://github.com/natxet/CssMin.git",
                "reference": "8883d28cd2de131c364f2f657e4bcc09bfa45082"
            },
            "dist": {
                "type": "zip",
                "url": "https://api.github.com/repos/natxet/CssMin/zipball/8883d28cd2de131c364f2f657e4bcc09bfa45082",
                "reference": "8883d28cd2de131c364f2f657e4bcc09bfa45082",
                "shasum": ""
            },
            "require": {
                "php": ">=5.0"
            },
            "type": "library",
            "extra": {
                "branch-alias": {
                    "dev-master": "3.0-dev"
                }
            },
            "autoload": {
                "classmap": [
                    "src/"
                ]
            },
            "notification-url": "http://packagist.org/downloads/",
            "license": [
                "MIT"
            ],
            "authors": [
                {
                    "name": "Joe Scylla",
                    "email": "joe.scylla@gmail.com",
                    "homepage": "https://profiles.google.com/joe.scylla"
                }
            ],
            "description": "Minifying CSS",
            "homepage": "http://code.google.com/p/cssmin/",
            "keywords": [
                "css",
                "minify"
            ],
            "time": "2014-12-05 11:02:56"
        },
        {
            "name": "psr/log",
            "version": "dev-master",
            "source": {
                "type": "git",
                "url": "https://github.com/php-fig/log.git",
                "reference": "a78d6504ff5d4367497785ab2ade91db3a9fbe11"
            },
            "dist": {
                "type": "zip",
                "url": "https://api.github.com/repos/php-fig/log/zipball/a78d6504ff5d4367497785ab2ade91db3a9fbe11",
                "reference": "a78d6504ff5d4367497785ab2ade91db3a9fbe11",
                "shasum": ""
            },
            "type": "library",
            "extra": {
                "branch-alias": {
                    "dev-master": "1.0.x-dev"
                }
            },
            "autoload": {
                "psr-0": {
                    "Psr\\Log\\": ""
                }
            },
            "notification-url": "http://packagist.org/downloads/",
            "license": [
                "MIT"
            ],
            "authors": [
                {
                    "name": "PHP-FIG",
                    "homepage": "http://www.php-fig.org/"
                }
            ],
            "description": "Common interface for logging libraries",
            "keywords": [
                "log",
                "psr",
                "psr-3"
            ],
            "time": "2014-01-18 15:33:09"
        },
        {
            "name": "splot/assets-module",
            "version": "dev-master",
            "source": {
                "type": "git",
                "url": "https://github.com/splot/AssetsModule.git",
                "reference": "55cc9712a65a9fb95b365a3782852292755fecdb"
            },
            "dist": {
                "type": "zip",
                "url": "https://api.github.com/repos/splot/AssetsModule/zipball/55cc9712a65a9fb95b365a3782852292755fecdb",
                "reference": "55cc9712a65a9fb95b365a3782852292755fecdb",
                "shasum": ""
            },
            "require": {
                "kriswallsmith/assetic": "1.2.*@dev",
                "michaldudek/foundation": "dev-master",
                "natxet/cssmin": "dev-master",
                "php": ">=5.3.3",
                "splot/framework": ">=0.6"
            },
            "require-dev": {
                "phpunit/phpunit": "3.7.*"
            },
            "suggest": {
                "patchwork/jsqueeze": "SplotAssetsModule integrates with JSqueeze JavaScript minifier"
            },
            "type": "library",
            "extra": {
                "branch-alias": {
                    "dev-master": "0.6.x-dev"
                }
            },
            "autoload": {
                "psr-0": {
                    "Splot\\AssetsModule\\Tests": "tests/",
                    "Splot\\AssetsModule": "src/"
                }
            },
            "notification-url": "http://packagist.org/downloads/",
            "license": [
                "MIT"
            ],
            "authors": [
                {
                    "name": "Michał Dudek",
                    "email": "michal@michaldudek.pl"
                }
            ],
            "description": "Assets manager module for Splot Framework.",
            "keywords": [
                "JS",
                "assets",
                "css",
                "minify",
                "uglify"
            ],
            "time": "2014-08-14 23:59:34"
        },
        {
            "name": "splot/cache",
            "version": "dev-master",
            "source": {
                "type": "git",
                "url": "https://github.com/splot/SplotCache.git",
                "reference": "a83cf70c14a7c61aac320f3c518f7916ab2db28a"
            },
            "dist": {
                "type": "zip",
                "url": "https://api.github.com/repos/splot/SplotCache/zipball/a83cf70c14a7c61aac320f3c518f7916ab2db28a",
                "reference": "a83cf70c14a7c61aac320f3c518f7916ab2db28a",
                "shasum": ""
            },
            "require": {
                "michaldudek/foundation": "dev-master",
                "php": ">=5.3.3"
            },
            "type": "library",
            "autoload": {
                "psr-0": {
                    "Splot\\Cache": "src/"
                }
            },
            "notification-url": "http://packagist.org/downloads/",
            "license": [
                "MIT"
            ],
            "authors": [
                {
                    "name": "Michał Dudek",
                    "email": "michal@michaldudek.pl"
                }
            ],
            "description": "Cache system.",
            "keywords": [
                "cache"
            ],
            "time": "2013-08-12 21:13:53"
        },
        {
            "name": "splot/devtools-module",
            "version": "dev-master",
            "source": {
                "type": "git",
                "url": "https://github.com/splot/DevToolsModule.git",
                "reference": "9d2ac7bb1456919898efd3a540e439f1892da5ba"
            },
            "dist": {
                "type": "zip",
                "url": "https://api.github.com/repos/splot/DevToolsModule/zipball/9d2ac7bb1456919898efd3a540e439f1892da5ba",
                "reference": "9d2ac7bb1456919898efd3a540e439f1892da5ba",
                "shasum": ""
            },
            "require": {
                "php": ">=5.3.3",
                "splot/framework": ">=0.6"
            },
            "type": "library",
            "extra": {
                "branch-alias": {
                    "dev-master": "0.6.x-dev"
                }
            },
            "autoload": {
                "psr-0": {
                    "Splot\\DevToolsModule": "src/"
                }
            },
            "notification-url": "http://packagist.org/downloads/",
            "license": [
                "MIT"
            ],
            "authors": [
                {
                    "name": "Michał Dudek",
                    "email": "michal@michaldudek.pl"
                }
            ],
            "description": "Dev Tools for Splot Framework.",
            "keywords": [
                "cli",
                "command",
                "generator"
            ],
            "time": "2014-03-22 20:33:59"
        },
        {
            "name": "splot/di",
            "version": "dev-master",
            "source": {
                "type": "git",
                "url": "https://github.com/splot/di.git",
                "reference": "475496345865fc0391936d93100bbe3ceac63ac6"
            },
            "dist": {
                "type": "zip",
                "url": "https://api.github.com/repos/splot/di/zipball/475496345865fc0391936d93100bbe3ceac63ac6",
                "reference": "475496345865fc0391936d93100bbe3ceac63ac6",
                "shasum": ""
            },
            "require": {
                "container-interop/container-interop": "~1.0",
                "michaldudek/foundation": ">=0.9.2",
                "php": ">=5.3.3",
                "symfony/yaml": ">=2.1,<3.0"
            },
            "type": "library",
            "autoload": {
                "psr-4": {
                    "Splot\\DependencyInjection\\Tests\\": "tests/",
                    "Splot\\DependencyInjection\\": "src/"
                }
            },
            "notification-url": "http://packagist.org/downloads/",
            "license": [
                "MIT"
            ],
            "authors": [
                {
                    "name": "Michał Dudek",
                    "email": "michal@michaldudek.pl"
                }
            ],
            "description": "Dependency Injection Container by Splot Framework.",
            "keywords": [
                "container",
                "dependency",
                "di",
                "ioc"
            ],
            "time": "2014-10-11 20:53:51"
        },
        {
            "name": "splot/event-manager",
            "version": "dev-master",
            "source": {
                "type": "git",
                "url": "https://github.com/splot/EventManager.git",
                "reference": "ab82caeb530ce40fa99c5dc63ae91026973aa9c5"
            },
            "dist": {
                "type": "zip",
                "url": "https://api.github.com/repos/splot/EventManager/zipball/ab82caeb530ce40fa99c5dc63ae91026973aa9c5",
                "reference": "ab82caeb530ce40fa99c5dc63ae91026973aa9c5",
                "shasum": ""
            },
            "require": {
                "michaldudek/foundation": ">=0.9",
                "php": ">=5.3.3",
                "psr/log": "1.0.*"
            },
            "type": "library",
            "extra": {
                "branch-alias": {
                    "dev-master": "1.0.x-dev"
                }
            },
            "autoload": {
                "psr-4": {
                    "Splot\\EventManager\\Tests\\": "tests/",
                    "Splot\\EventManager\\": "src/"
                }
            },
            "notification-url": "http://packagist.org/downloads/",
            "license": [
                "MIT"
            ],
            "authors": [
                {
                    "name": "Michał Dudek",
                    "email": "michal@michaldudek.pl"
                }
            ],
            "description": "Event manager.",
            "keywords": [
                "dispatcher",
                "event",
                "publisher",
                "pubsub",
                "subscriber"
            ],
            "time": "2014-10-03 00:00:41"
        },
        {
            "name": "splot/framework",
            "version": "dev-master",
            "source": {
                "type": "git",
                "url": "https://github.com/splot/Framework.git",
                "reference": "1e077bb0e063fbbf8564cd96806b906fc133693c"
            },
            "dist": {
                "type": "zip",
                "url": "https://api.github.com/repos/splot/Framework/zipball/1e077bb0e063fbbf8564cd96806b906fc133693c",
                "reference": "1e077bb0e063fbbf8564cd96806b906fc133693c",
                "shasum": ""
            },
            "require": {
                "filp/whoops": "1.*",
                "michaldudek/clog": "dev-master",
                "michaldudek/foundation": ">=0.9",
                "php": ">=5.3.3",
                "psr/log": "1.0.*",
                "splot/cache": "dev-master",
                "splot/di": ">=0.7",
                "splot/event-manager": "1.0.*@dev",
                "symfony/console": ">=2.1,<3.0",
                "symfony/filesystem": ">=2.1,<3.0",
                "symfony/http-foundation": ">=2.1,<3.0",
                "symfony/process": ">=2.1,<3.0",
                "symfony/yaml": ">=2.1,<3.0"
            },
            "require-dev": {
                "phpunit/phpunit": "3.7.*"
            },
            "type": "library",
            "extra": {
                "branch-alias": {
                    "dev-master": "0.8.x-dev"
                }
            },
            "autoload": {
                "psr-4": {
                    "Splot\\Framework\\Tests\\": "tests/",
                    "Splot\\Framework\\": "src/"
                }
            },
            "notification-url": "http://packagist.org/downloads/",
            "license": [
                "MIT"
            ],
            "authors": [
                {
                    "name": "Michał Dudek",
                    "email": "michal@michaldudek.pl"
                }
            ],
            "description": "Splot Framework. Lightweight, fully featured framework for rapid web development.",
            "keywords": [
                "dependency injection",
                "di",
                "event",
                "fast",
                "lightweight",
                "mvc",
                "rapid",
                "web"
            ],
            "time": "2014-11-04 16:24:57"
        },
        {
            "name": "splot/framework-extra-module",
            "version": "dev-master",
            "source": {
                "type": "git",
                "url": "https://github.com/splot/framework-extra-module.git",
                "reference": "53390fcf07e43b03008591db0d6680f754078520"
            },
            "dist": {
                "type": "zip",
                "url": "https://api.github.com/repos/splot/framework-extra-module/zipball/53390fcf07e43b03008591db0d6680f754078520",
                "reference": "53390fcf07e43b03008591db0d6680f754078520",
                "shasum": ""
            },
            "require": {
                "gregwar/image": "~2.0",
                "michaldudek/foundation": "dev-master",
                "php": ">=5.3.3",
                "psr/log": "1.0.*",
                "splot/framework": "dev-master",
                "splot/twig-module": "dev-master",
                "swiftmailer/swiftmailer": "5.1.*@dev"
            },
            "require-dev": {
                "phpunit/phpunit": "3.7.*"
            },
            "type": "library",
            "extra": {
                "branch-alias": {
                    "dev-master": "0.6.x-dev"
                }
            },
            "autoload": {
                "psr-0": {
                    "Splot\\FrameworkExtraModule\\Tests": "tests/",
                    "Splot\\FrameworkExtraModule": "src/"
                }
            },
            "notification-url": "http://packagist.org/downloads/",
            "license": [
                "MIT"
            ],
            "authors": [
                {
                    "name": "Michał Dudek",
                    "email": "michal@michaldudek.pl"
                }
            ],
            "description": "Extra functionalities for Splot Framework",
            "keywords": [
                "ajax",
                "databridge",
                "filestorage",
                "form",
                "imaging",
                "mailer"
            ],
            "time": "2014-03-23 00:49:57"
        },
        {
            "name": "splot/knit-module",
            "version": "dev-master",
            "source": {
                "type": "git",
                "url": "https://github.com/splot/KnitModule.git",
                "reference": "da9d62c1290d02d0716eac7d47eff9266c6e0849"
            },
            "dist": {
                "type": "zip",
                "url": "https://api.github.com/repos/splot/KnitModule/zipball/da9d62c1290d02d0716eac7d47eff9266c6e0849",
                "reference": "da9d62c1290d02d0716eac7d47eff9266c6e0849",
                "shasum": ""
            },
            "require": {
                "michaldudek/foundation": "dev-master",
                "michaldudek/knit": "dev-master",
                "php": ">=5.3.3",
                "psr/log": ">=1.0",
                "splot/framework": ">=0.6"
            },
            "type": "library",
            "extra": {
                "branch-alias": {
                    "dev-master": "0.6.x-dev"
                }
            },
            "autoload": {
                "psr-0": {
                    "Splot\\KnitModule": "src/"
                }
            },
            "notification-url": "http://packagist.org/downloads/",
            "license": [
                "MIT"
            ],
            "authors": [
                {
                    "name": "Michał Dudek",
                    "email": "michal@michaldudek.pl"
                }
            ],
            "description": "Knit integration with Splot Framework.",
            "keywords": [
                "odm",
                "orm"
            ],
            "time": "2014-03-29 18:52:31"
        },
        {
            "name": "splot/twig-module",
            "version": "dev-master",
            "source": {
                "type": "git",
                "url": "https://github.com/splot/TwigModule.git",
                "reference": "5d312aa578d21b115be71808b5d2c8867b2d22ab"
            },
            "dist": {
                "type": "zip",
                "url": "https://api.github.com/repos/splot/TwigModule/zipball/5d312aa578d21b115be71808b5d2c8867b2d22ab",
                "reference": "5d312aa578d21b115be71808b5d2c8867b2d22ab",
                "shasum": ""
            },
            "require": {
                "michaldudek/foundation": ">=0.9",
                "php": ">=5.3.3",
                "splot/framework": ">=0.8.2",
                "twig/twig": "1.*"
            },
            "type": "library",
            "extra": {
                "branch-alias": {
                    "dev-master": "0.8.x-dev"
                }
            },
            "autoload": {
                "psr-4": {
                    "Splot\\TwigModule\\Tests\\": "tests/",
                    "Splot\\TwigModule\\": "src/"
                }
            },
            "notification-url": "http://packagist.org/downloads/",
            "license": [
                "MIT"
            ],
            "authors": [
                {
                    "name": "Michał Dudek",
                    "email": "michal@michaldudek.pl"
                }
            ],
            "description": "Twig integration with Splot Framework.",
            "keywords": [
                "module",
                "template",
                "templating",
                "twig"
            ],
            "time": "2014-10-11 17:34:30"
        },
        {
            "name": "splot/weblog-module",
            "version": "dev-master",
            "source": {
                "type": "git",
                "url": "https://github.com/splot/WebLogModule.git",
                "reference": "e0aca94ed4efd4a19342c394d4605a663fbc75d9"
            },
            "dist": {
                "type": "zip",
                "url": "https://api.github.com/repos/splot/WebLogModule/zipball/e0aca94ed4efd4a19342c394d4605a663fbc75d9",
                "reference": "e0aca94ed4efd4a19342c394d4605a663fbc75d9",
                "shasum": ""
            },
            "require": {
                "michaldudek/clog": "dev-master",
                "michaldudek/foundation": ">=0.9",
                "php": ">=5.3.3",
                "psr/log": "1.0.*",
                "splot/framework": ">=0.8"
            },
            "type": "library",
            "extra": {
                "branch-alias": {
                    "dev-master": "0.8.x-dev"
                }
            },
            "autoload": {
                "psr-4": {
                    "Splot\\WebLogModule\\Tests\\": "tests/",
                    "Splot\\WebLogModule\\": "src/"
                }
            },
            "notification-url": "http://packagist.org/downloads/",
            "license": [
                "MIT"
            ],
            "authors": [
                {
                    "name": "Michał Dudek",
                    "email": "michal@michaldudek.pl"
                }
            ],
            "description": "WebLog module for Splot Framework.",
            "keywords": [
                "debug",
                "log",
                "php",
                "tools",
                "utils"
            ],
            "time": "2014-10-04 00:47:19"
        },
        {
            "name": "swiftmailer/swiftmailer",
            "version": "v5.1.0",
            "source": {
                "type": "git",
                "url": "https://github.com/swiftmailer/swiftmailer.git",
                "reference": "748c01c1144713ac0118396935d10b6ceec91b68"
            },
            "dist": {
                "type": "zip",
                "url": "https://api.github.com/repos/swiftmailer/swiftmailer/zipball/748c01c1144713ac0118396935d10b6ceec91b68",
                "reference": "748c01c1144713ac0118396935d10b6ceec91b68",
                "shasum": ""
            },
            "require": {
                "php": ">=5.2.4"
            },
            "type": "library",
            "extra": {
                "branch-alias": {
                    "dev-master": "5.1-dev"
                }
            },
            "autoload": {
                "files": [
                    "lib/swift_required.php"
                ]
            },
            "notification-url": "http://packagist.org/downloads/",
            "license": [
                "MIT"
            ],
            "authors": [
                {
                    "name": "Fabien Potencier",
                    "email": "fabien@symfony.com",
                    "homepage": "http://fabien.potencier.org",
                    "role": "Lead Developer"
                },
                {
                    "name": "Chris Corbyn"
                }
            ],
            "description": "Swiftmailer, free feature-rich PHP mailer",
            "homepage": "http://swiftmailer.org",
            "keywords": [
                "mail",
                "mailer"
            ],
            "time": "2014-03-18 09:03:27"
        },
        {
            "name": "symfony/console",
            "version": "2.7.x-dev",
            "target-dir": "Symfony/Component/Console",
            "source": {
                "type": "git",
                "url": "https://github.com/symfony/Console.git",
                "reference": "edd4b2ff8c3b4eab7b1063d234be6104c7353947"
            },
            "dist": {
                "type": "zip",
                "url": "https://api.github.com/repos/symfony/Console/zipball/edd4b2ff8c3b4eab7b1063d234be6104c7353947",
                "reference": "edd4b2ff8c3b4eab7b1063d234be6104c7353947",
                "shasum": ""
            },
            "require": {
                "php": ">=5.3.3"
            },
            "require-dev": {
                "psr/log": "~1.0",
                "symfony/event-dispatcher": "~2.1",
                "symfony/process": "~2.1"
            },
            "suggest": {
                "psr/log": "For using the console logger",
                "symfony/event-dispatcher": "",
                "symfony/process": ""
            },
            "type": "library",
            "extra": {
                "branch-alias": {
                    "dev-master": "2.7-dev"
                }
            },
            "autoload": {
                "psr-0": {
                    "Symfony\\Component\\Console\\": ""
                }
            },
            "notification-url": "http://packagist.org/downloads/",
            "license": [
                "MIT"
            ],
            "authors": [
                {
                    "name": "Symfony Community",
                    "homepage": "http://symfony.com/contributors"
                },
                {
                    "name": "Fabien Potencier",
                    "email": "fabien@symfony.com"
                }
            ],
            "description": "Symfony Console Component",
            "homepage": "http://symfony.com",
            "time": "2014-12-12 16:23:01"
        },
        {
            "name": "symfony/filesystem",
            "version": "2.7.x-dev",
            "target-dir": "Symfony/Component/Filesystem",
            "source": {
                "type": "git",
                "url": "https://github.com/symfony/Filesystem.git",
                "reference": "1ff6caf45e7c5aac036b1536a914afbf4b8c6066"
            },
            "dist": {
                "type": "zip",
                "url": "https://api.github.com/repos/symfony/Filesystem/zipball/1ff6caf45e7c5aac036b1536a914afbf4b8c6066",
                "reference": "1ff6caf45e7c5aac036b1536a914afbf4b8c6066",
                "shasum": ""
            },
            "require": {
                "php": ">=5.3.3"
            },
            "type": "library",
            "extra": {
                "branch-alias": {
                    "dev-master": "2.7-dev"
                }
            },
            "autoload": {
                "psr-0": {
                    "Symfony\\Component\\Filesystem\\": ""
                }
            },
            "notification-url": "http://packagist.org/downloads/",
            "license": [
                "MIT"
            ],
            "authors": [
                {
                    "name": "Symfony Community",
                    "homepage": "http://symfony.com/contributors"
                },
                {
                    "name": "Fabien Potencier",
                    "email": "fabien@symfony.com"
                }
            ],
            "description": "Symfony Filesystem Component",
            "homepage": "http://symfony.com",
            "time": "2014-12-12 16:23:01"
        },
        {
            "name": "symfony/http-foundation",
            "version": "2.7.x-dev",
            "target-dir": "Symfony/Component/HttpFoundation",
            "source": {
                "type": "git",
                "url": "https://github.com/symfony/HttpFoundation.git",
                "reference": "af0647ebde5bc78b20581b50367c93b3472518ca"
            },
            "dist": {
                "type": "zip",
                "url": "https://api.github.com/repos/symfony/HttpFoundation/zipball/af0647ebde5bc78b20581b50367c93b3472518ca",
                "reference": "af0647ebde5bc78b20581b50367c93b3472518ca",
                "shasum": ""
            },
            "require": {
                "php": ">=5.3.3"
            },
            "require-dev": {
                "symfony/expression-language": "~2.4"
            },
            "type": "library",
            "extra": {
                "branch-alias": {
                    "dev-master": "2.7-dev"
                }
            },
            "autoload": {
                "psr-0": {
                    "Symfony\\Component\\HttpFoundation\\": ""
                },
                "classmap": [
                    "Symfony/Component/HttpFoundation/Resources/stubs"
                ]
            },
            "notification-url": "http://packagist.org/downloads/",
            "license": [
                "MIT"
            ],
            "authors": [
                {
                    "name": "Symfony Community",
                    "homepage": "http://symfony.com/contributors"
                },
                {
                    "name": "Fabien Potencier",
                    "email": "fabien@symfony.com"
                }
            ],
            "description": "Symfony HttpFoundation Component",
            "homepage": "http://symfony.com",
            "time": "2014-12-13 08:38:56"
        },
        {
            "name": "symfony/process",
            "version": "2.7.x-dev",
            "target-dir": "Symfony/Component/Process",
            "source": {
                "type": "git",
                "url": "https://github.com/symfony/Process.git",
                "reference": "e48a06acc112f2b76d6e5ac7e7eaa01a9305d146"
            },
            "dist": {
                "type": "zip",
                "url": "https://api.github.com/repos/symfony/Process/zipball/e48a06acc112f2b76d6e5ac7e7eaa01a9305d146",
                "reference": "e48a06acc112f2b76d6e5ac7e7eaa01a9305d146",
                "shasum": ""
            },
            "require": {
                "php": ">=5.3.3"
            },
            "type": "library",
            "extra": {
                "branch-alias": {
                    "dev-master": "2.7-dev"
                }
            },
            "autoload": {
                "psr-0": {
                    "Symfony\\Component\\Process\\": ""
                }
            },
            "notification-url": "http://packagist.org/downloads/",
            "license": [
                "MIT"
            ],
            "authors": [
                {
                    "name": "Symfony Community",
                    "homepage": "http://symfony.com/contributors"
                },
                {
                    "name": "Fabien Potencier",
                    "email": "fabien@symfony.com"
                }
            ],
            "description": "Symfony Process Component",
            "homepage": "http://symfony.com",
            "time": "2014-12-12 16:23:01"
        },
        {
            "name": "symfony/yaml",
            "version": "2.7.x-dev",
            "target-dir": "Symfony/Component/Yaml",
            "source": {
                "type": "git",
                "url": "https://github.com/symfony/Yaml.git",
                "reference": "b9c19ce1bd9a51d3f42665973088f2e2b82db240"
            },
            "dist": {
                "type": "zip",
                "url": "https://api.github.com/repos/symfony/Yaml/zipball/b9c19ce1bd9a51d3f42665973088f2e2b82db240",
                "reference": "b9c19ce1bd9a51d3f42665973088f2e2b82db240",
                "shasum": ""
            },
            "require": {
                "php": ">=5.3.3"
            },
            "type": "library",
            "extra": {
                "branch-alias": {
                    "dev-master": "2.7-dev"
                }
            },
            "autoload": {
                "psr-0": {
                    "Symfony\\Component\\Yaml\\": ""
                }
            },
            "notification-url": "http://packagist.org/downloads/",
            "license": [
                "MIT"
            ],
            "authors": [
                {
                    "name": "Symfony Community",
                    "homepage": "http://symfony.com/contributors"
                },
                {
                    "name": "Fabien Potencier",
                    "email": "fabien@symfony.com"
                }
            ],
            "description": "Symfony Yaml Component",
            "homepage": "http://symfony.com",
            "time": "2014-12-09 17:32:32"
        },
        {
            "name": "twig/twig",
            "version": "dev-master",
            "source": {
                "type": "git",
                "url": "https://github.com/twigphp/Twig.git",
                "reference": "a1b847b3a3c835a495329b0ada8f3ec68a90fc9d"
            },
            "dist": {
                "type": "zip",
                "url": "https://api.github.com/repos/twigphp/Twig/zipball/a1b847b3a3c835a495329b0ada8f3ec68a90fc9d",
                "reference": "a1b847b3a3c835a495329b0ada8f3ec68a90fc9d",
                "shasum": ""
            },
            "require": {
                "php": ">=5.2.4"
            },
            "type": "library",
            "extra": {
                "branch-alias": {
                    "dev-master": "1.16-dev"
                }
            },
            "autoload": {
                "psr-0": {
                    "Twig_": "lib/"
                }
            },
            "notification-url": "http://packagist.org/downloads/",
            "license": [
                "BSD-3-Clause"
            ],
            "authors": [
                {
                    "name": "Fabien Potencier",
                    "email": "fabien@symfony.com",
                    "homepage": "http://fabien.potencier.org",
                    "role": "Lead Developer"
                },
                {
                    "name": "Armin Ronacher",
                    "email": "armin.ronacher@active-4.com",
                    "role": "Project Founder"
                },
                {
                    "name": "Twig Team",
                    "homepage": "http://twig.sensiolabs.org/contributors",
                    "role": "Contributors"
                }
            ],
            "description": "Twig, the flexible, fast, and secure template language for PHP",
            "homepage": "http://twig.sensiolabs.org",
            "keywords": [
                "templating"
            ],
            "time": "2014-12-05 13:47:49"
        }
    ],
    "packages-dev": [],
    "aliases": [],
    "minimum-stability": "dev",
    "stability-flags": {
        "splot/framework": 20,
        "splot/framework-extra-module": 20,
        "splot/assets-module": 20,
        "splot/knit-module": 20,
        "splot/devtools-module": 20
    },
    "prefer-stable": false,
    "platform": {
        "php": ">=5.4.0"
    },
    "platform-dev": []
}
